// !$*UTF8*$!
{
	archiveVersion = 1;
	classes = {
	};
	objectVersion = 50;
	objects = {

/* Begin PBXBuildFile section */
		049EB15525FFEDB10081B02C /* AppDelegate.swift in Sources */ = {isa = PBXBuildFile; fileRef = 049EB15425FFEDB10081B02C /* AppDelegate.swift */; };
		049EB15925FFEDB10081B02C /* ViewController.swift in Sources */ = {isa = PBXBuildFile; fileRef = 049EB15825FFEDB10081B02C /* ViewController.swift */; };
		049EB15C25FFEDB10081B02C /* Main.storyboard in Resources */ = {isa = PBXBuildFile; fileRef = 049EB15A25FFEDB10081B02C /* Main.storyboard */; };
		049EB15E25FFEDB20081B02C /* Assets.xcassets in Resources */ = {isa = PBXBuildFile; fileRef = 049EB15D25FFEDB20081B02C /* Assets.xcassets */; };
		049EB16125FFEDB20081B02C /* LaunchScreen.storyboard in Resources */ = {isa = PBXBuildFile; fileRef = 049EB15F25FFEDB20081B02C /* LaunchScreen.storyboard */; };
		049EB16A25FFEEB70081B02C /* scientists.json in Resources */ = {isa = PBXBuildFile; fileRef = 049EB16925FFEEB70081B02C /* scientists.json */; };
		049EB17A25FFFE830081B02C /* Scientist.swift in Sources */ = {isa = PBXBuildFile; fileRef = 049EB17925FFFE830081B02C /* Scientist.swift */; };
/* End PBXBuildFile section */

/* Begin PBXFileReference section */
		049EB15125FFEDB00081B02C /* SpotTheScientist.app */ = {isa = PBXFileReference; explicitFileType = wrapper.application; includeInIndex = 0; path = SpotTheScientist.app; sourceTree = BUILT_PRODUCTS_DIR; };
		049EB15425FFEDB10081B02C /* AppDelegate.swift */ = {isa = PBXFileReference; lastKnownFileType = sourcecode.swift; path = AppDelegate.swift; sourceTree = "<group>"; };
		049EB15825FFEDB10081B02C /* ViewController.swift */ = {isa = PBXFileReference; lastKnownFileType = sourcecode.swift; path = ViewController.swift; sourceTree = "<group>"; };
		049EB15B25FFEDB10081B02C /* Base */ = {isa = PBXFileReference; lastKnownFileType = file.storyboard; name = Base; path = Base.lproj/Main.storyboard; sourceTree = "<group>"; };
		049EB15D25FFEDB20081B02C /* Assets.xcassets */ = {isa = PBXFileReference; lastKnownFileType = folder.assetcatalog; path = Assets.xcassets; sourceTree = "<group>"; };
		049EB16025FFEDB20081B02C /* Base */ = {isa = PBXFileReference; lastKnownFileType = file.storyboard; name = Base; path = Base.lproj/LaunchScreen.storyboard; sourceTree = "<group>"; };
		049EB16225FFEDB20081B02C /* Info.plist */ = {isa = PBXFileReference; lastKnownFileType = text.plist.xml; path = Info.plist; sourceTree = "<group>"; };
		049EB16925FFEEB70081B02C /* scientists.json */ = {isa = PBXFileReference; fileEncoding = 4; lastKnownFileType = text.json; path = scientists.json; sourceTree = "<group>"; };
		049EB17925FFFE830081B02C /* Scientist.swift */ = {isa = PBXFileReference; lastKnownFileType = sourcecode.swift; path = Scientist.swift; sourceTree = "<group>"; };
/* End PBXFileReference section */

/* Begin PBXFrameworksBuildPhase section */
		049EB14E25FFEDB00081B02C /* Frameworks */ = {
			isa = PBXFrameworksBuildPhase;
			buildActionMask = 2147483647;
			files = (
			);
			runOnlyForDeploymentPostprocessing = 0;
		};
/* End PBXFrameworksBuildPhase section */

/* Begin PBXGroup section */
		049EB14825FFEDB00081B02C = {
			isa = PBXGroup;
			children = (
				049EB15325FFEDB00081B02C /* SpotTheScientist */,
				049EB15225FFEDB00081B02C /* Products */,
			);
			sourceTree = "<group>";
		};
		049EB15225FFEDB00081B02C /* Products */ = {
			isa = PBXGroup;
			children = (
				049EB15125FFEDB00081B02C /* SpotTheScientist.app */,
			);
			name = Products;
			sourceTree = "<group>";
		};
		049EB15325FFEDB00081B02C /* SpotTheScientist */ = {
			isa = PBXGroup;
			children = (
				049EB17425FFF10C0081B02C /* Models */,
				049EB17225FFF1000081B02C /* Views */,
				049EB17325FFF1060081B02C /* Controllers */,
				049EB17025FFF0D40081B02C /* Application */,
				049EB16D25FFF0730081B02C /* Resources */,
			);
			path = SpotTheScientist;
			sourceTree = "<group>";
		};
		049EB16D25FFF0730081B02C /* Resources */ = {
			isa = PBXGroup;
			children = (
				049EB15D25FFEDB20081B02C /* Assets.xcassets */,
				049EB16225FFEDB20081B02C /* Info.plist */,
				049EB16925FFEEB70081B02C /* scientists.json */,
			);
			name = Resources;
			sourceTree = "<group>";
		};
		049EB17025FFF0D40081B02C /* Application */ = {
			isa = PBXGroup;
			children = (
				049EB15425FFEDB10081B02C /* AppDelegate.swift */,
			);
			path = Application;
			sourceTree = "<group>";
		};
		049EB17125FFF0F30081B02C /* View Controllers */ = {
			isa = PBXGroup;
			children = (
				049EB15825FFEDB10081B02C /* ViewController.swift */,
			);
			path = "View Controllers";
			sourceTree = "<group>";
		};
		049EB17225FFF1000081B02C /* Views */ = {
			isa = PBXGroup;
			children = (
				049EB17625FFF1570081B02C /* Storyboards */,
			);
			path = Views;
			sourceTree = "<group>";
		};
		049EB17325FFF1060081B02C /* Controllers */ = {
			isa = PBXGroup;
			children = (
				049EB17525FFF1260081B02C /* Model Controllers */,
				049EB17125FFF0F30081B02C /* View Controllers */,
			);
			path = Controllers;
			sourceTree = "<group>";
		};
		049EB17425FFF10C0081B02C /* Models */ = {
			isa = PBXGroup;
			children = (
				049EB17925FFFE830081B02C /* Scientist.swift */,
			);
			path = Models;
			sourceTree = "<group>";
		};
		049EB17525FFF1260081B02C /* Model Controllers */ = {
			isa = PBXGroup;
			children = (
			);
			path = "Model Controllers";
			sourceTree = "<group>";
		};
		049EB17625FFF1570081B02C /* Storyboards */ = {
			isa = PBXGroup;
			children = (
				049EB15F25FFEDB20081B02C /* LaunchScreen.storyboard */,
				049EB15A25FFEDB10081B02C /* Main.storyboard */,
			);
			path = Storyboards;
			sourceTree = "<group>";
		};
/* End PBXGroup section */

/* Begin PBXNativeTarget section */
		049EB15025FFEDB00081B02C /* SpotTheScientist */ = {
			isa = PBXNativeTarget;
			buildConfigurationList = 049EB16525FFEDB20081B02C /* Build configuration list for PBXNativeTarget "SpotTheScientist" */;
			buildPhases = (
				049EB14D25FFEDB00081B02C /* Sources */,
				049EB14E25FFEDB00081B02C /* Frameworks */,
				049EB14F25FFEDB00081B02C /* Resources */,
			);
			buildRules = (
			);
			dependencies = (
			);
			name = SpotTheScientist;
			productName = SpotTheScientist;
			productReference = 049EB15125FFEDB00081B02C /* SpotTheScientist.app */;
			productType = "com.apple.product-type.application";
		};
/* End PBXNativeTarget section */

/* Begin PBXProject section */
		049EB14925FFEDB00081B02C /* Project object */ = {
			isa = PBXProject;
			attributes = {
				LastSwiftUpdateCheck = 1240;
				LastUpgradeCheck = 1240;
				TargetAttributes = {
					049EB15025FFEDB00081B02C = {
						CreatedOnToolsVersion = 12.4;
					};
				};
			};
			buildConfigurationList = 049EB14C25FFEDB00081B02C /* Build configuration list for PBXProject "SpotTheScientist" */;
			compatibilityVersion = "Xcode 9.3";
			developmentRegion = en;
			hasScannedForEncodings = 0;
			knownRegions = (
				en,
				Base,
			);
			mainGroup = 049EB14825FFEDB00081B02C;
			productRefGroup = 049EB15225FFEDB00081B02C /* Products */;
			projectDirPath = "";
			projectRoot = "";
			targets = (
				049EB15025FFEDB00081B02C /* SpotTheScientist */,
			);
		};
/* End PBXProject section */

/* Begin PBXResourcesBuildPhase section */
		049EB14F25FFEDB00081B02C /* Resources */ = {
			isa = PBXResourcesBuildPhase;
			buildActionMask = 2147483647;
			files = (
				049EB16A25FFEEB70081B02C /* scientists.json in Resources */,
				049EB16125FFEDB20081B02C /* LaunchScreen.storyboard in Resources */,
				049EB15E25FFEDB20081B02C /* Assets.xcassets in Resources */,
				049EB15C25FFEDB10081B02C /* Main.storyboard in Resources */,
			);
			runOnlyForDeploymentPostprocessing = 0;
		};
/* End PBXResourcesBuildPhase section */

/* Begin PBXSourcesBuildPhase section */
		049EB14D25FFEDB00081B02C /* Sources */ = {
			isa = PBXSourcesBuildPhase;
			buildActionMask = 2147483647;
			files = (
				049EB15925FFEDB10081B02C /* ViewController.swift in Sources */,
				049EB17A25FFFE830081B02C /* Scientist.swift in Sources */,
				049EB15525FFEDB10081B02C /* AppDelegate.swift in Sources */,
			);
			runOnlyForDeploymentPostprocessing = 0;
		};
/* End PBXSourcesBuildPhase section */

/* Begin PBXVariantGroup section */
		049EB15A25FFEDB10081B02C /* Main.storyboard */ = {
			isa = PBXVariantGroup;
			children = (
				049EB15B25FFEDB10081B02C /* Base */,
			);
			name = Main.storyboard;
			sourceTree = "<group>";
		};
		049EB15F25FFEDB20081B02C /* LaunchScreen.storyboard */ = {
			isa = PBXVariantGroup;
			children = (
				049EB16025FFEDB20081B02C /* Base */,
			);
			name = LaunchScreen.storyboard;
			sourceTree = "<group>";
		};
/* End PBXVariantGroup section */

/* Begin XCBuildConfiguration section */
		049EB16325FFEDB20081B02C /* Debug */ = {
			isa = XCBuildConfiguration;
			buildSettings = {
				ALWAYS_SEARCH_USER_PATHS = NO;
				CLANG_ANALYZER_NONNULL = YES;
				CLANG_ANALYZER_NUMBER_OBJECT_CONVERSION = YES_AGGRESSIVE;
				CLANG_CXX_LANGUAGE_STANDARD = "gnu++14";
				CLANG_CXX_LIBRARY = "libc++";
				CLANG_ENABLE_MODULES = YES;
				CLANG_ENABLE_OBJC_ARC = YES;
				CLANG_ENABLE_OBJC_WEAK = YES;
				CLANG_WARN_BLOCK_CAPTURE_AUTORELEASING = YES;
				CLANG_WARN_BOOL_CONVERSION = YES;
				CLANG_WARN_COMMA = YES;
				CLANG_WARN_CONSTANT_CONVERSION = YES;
				CLANG_WARN_DEPRECATED_OBJC_IMPLEMENTATIONS = YES;
				CLANG_WARN_DIRECT_OBJC_ISA_USAGE = YES_ERROR;
				CLANG_WARN_DOCUMENTATION_COMMENTS = YES;
				CLANG_WARN_EMPTY_BODY = YES;
				CLANG_WARN_ENUM_CONVERSION = YES;
				CLANG_WARN_INFINITE_RECURSION = YES;
				CLANG_WARN_INT_CONVERSION = YES;
				CLANG_WARN_NON_LITERAL_NULL_CONVERSION = YES;
				CLANG_WARN_OBJC_IMPLICIT_RETAIN_SELF = YES;
				CLANG_WARN_OBJC_LITERAL_CONVERSION = YES;
				CLANG_WARN_OBJC_ROOT_CLASS = YES_ERROR;
				CLANG_WARN_QUOTED_INCLUDE_IN_FRAMEWORK_HEADER = YES;
				CLANG_WARN_RANGE_LOOP_ANALYSIS = YES;
				CLANG_WARN_STRICT_PROTOTYPES = YES;
				CLANG_WARN_SUSPICIOUS_MOVE = YES;
				CLANG_WARN_UNGUARDED_AVAILABILITY = YES_AGGRESSIVE;
				CLANG_WARN_UNREACHABLE_CODE = YES;
				CLANG_WARN__DUPLICATE_METHOD_MATCH = YES;
				COPY_PHASE_STRIP = NO;
				DEBUG_INFORMATION_FORMAT = dwarf;
				ENABLE_STRICT_OBJC_MSGSEND = YES;
				ENABLE_TESTABILITY = YES;
				GCC_C_LANGUAGE_STANDARD = gnu11;
				GCC_DYNAMIC_NO_PIC = NO;
				GCC_NO_COMMON_BLOCKS = YES;
				GCC_OPTIMIZATION_LEVEL = 0;
				GCC_PREPROCESSOR_DEFINITIONS = (
					"DEBUG=1",
					"$(inherited)",
				);
				GCC_WARN_64_TO_32_BIT_CONVERSION = YES;
				GCC_WARN_ABOUT_RETURN_TYPE = YES_ERROR;
				GCC_WARN_UNDECLARED_SELECTOR = YES;
				GCC_WARN_UNINITIALIZED_AUTOS = YES_AGGRESSIVE;
				GCC_WARN_UNUSED_FUNCTION = YES;
				GCC_WARN_UNUSED_VARIABLE = YES;
				IPHONEOS_DEPLOYMENT_TARGET = 14.4;
				MTL_ENABLE_DEBUG_INFO = INCLUDE_SOURCE;
				MTL_FAST_MATH = YES;
				ONLY_ACTIVE_ARCH = YES;
				SDKROOT = iphoneos;
				SWIFT_ACTIVE_COMPILATION_CONDITIONS = DEBUG;
				SWIFT_OPTIMIZATION_LEVEL = "-Onone";
			};
			name = Debug;
		};
		049EB16425FFEDB20081B02C /* Release */ = {
			isa = XCBuildConfiguration;
			buildSettings = {
				ALWAYS_SEARCH_USER_PATHS = NO;
				CLANG_ANALYZER_NONNULL = YES;
				CLANG_ANALYZER_NUMBER_OBJECT_CONVERSION = YES_AGGRESSIVE;
				CLANG_CXX_LANGUAGE_STANDARD = "gnu++14";
				CLANG_CXX_LIBRARY = "libc++";
				CLANG_ENABLE_MODULES = YES;
				CLANG_ENABLE_OBJC_ARC = YES;
				CLANG_ENABLE_OBJC_WEAK = YES;
				CLANG_WARN_BLOCK_CAPTURE_AUTORELEASING = YES;
				CLANG_WARN_BOOL_CONVERSION = YES;
				CLANG_WARN_COMMA = YES;
				CLANG_WARN_CONSTANT_CONVERSION = YES;
				CLANG_WARN_DEPRECATED_OBJC_IMPLEMENTATIONS = YES;
				CLANG_WARN_DIRECT_OBJC_ISA_USAGE = YES_ERROR;
				CLANG_WARN_DOCUMENTATION_COMMENTS = YES;
				CLANG_WARN_EMPTY_BODY = YES;
				CLANG_WARN_ENUM_CONVERSION = YES;
				CLANG_WARN_INFINITE_RECURSION = YES;
				CLANG_WARN_INT_CONVERSION = YES;
				CLANG_WARN_NON_LITERAL_NULL_CONVERSION = YES;
				CLANG_WARN_OBJC_IMPLICIT_RETAIN_SELF = YES;
				CLANG_WARN_OBJC_LITERAL_CONVERSION = YES;
				CLANG_WARN_OBJC_ROOT_CLASS = YES_ERROR;
				CLANG_WARN_QUOTED_INCLUDE_IN_FRAMEWORK_HEADER = YES;
				CLANG_WARN_RANGE_LOOP_ANALYSIS = YES;
				CLANG_WARN_STRICT_PROTOTYPES = YES;
				CLANG_WARN_SUSPICIOUS_MOVE = YES;
				CLANG_WARN_UNGUARDED_AVAILABILITY = YES_AGGRESSIVE;
				CLANG_WARN_UNREACHABLE_CODE = YES;
				CLANG_WARN__DUPLICATE_METHOD_MATCH = YES;
				COPY_PHASE_STRIP = NO;
				DEBUG_INFORMATION_FORMAT = "dwarf-with-dsym";
				ENABLE_NS_ASSERTIONS = NO;
				ENABLE_STRICT_OBJC_MSGSEND = YES;
				GCC_C_LANGUAGE_STANDARD = gnu11;
				GCC_NO_COMMON_BLOCKS = YES;
				GCC_WARN_64_TO_32_BIT_CONVERSION = YES;
				GCC_WARN_ABOUT_RETURN_TYPE = YES_ERROR;
				GCC_WARN_UNDECLARED_SELECTOR = YES;
				GCC_WARN_UNINITIALIZED_AUTOS = YES_AGGRESSIVE;
				GCC_WARN_UNUSED_FUNCTION = YES;
				GCC_WARN_UNUSED_VARIABLE = YES;
				IPHONEOS_DEPLOYMENT_TARGET = 14.4;
				MTL_ENABLE_DEBUG_INFO = NO;
				MTL_FAST_MATH = YES;
				SDKROOT = iphoneos;
				SWIFT_COMPILATION_MODE = wholemodule;
				SWIFT_OPTIMIZATION_LEVEL = "-O";
				VALIDATE_PRODUCT = YES;
			};
			name = Release;
		};
		049EB16625FFEDB20081B02C /* Debug */ = {
			isa = XCBuildConfiguration;
			buildSettings = {
				ASSETCATALOG_COMPILER_APPICON_NAME = AppIcon;
				ASSETCATALOG_COMPILER_GLOBAL_ACCENT_COLOR_NAME = AccentColor;
				CODE_SIGN_STYLE = Automatic;
				DEVELOPMENT_TEAM = H627294WQZ;
				INFOPLIST_FILE = SpotTheScientist/Info.plist;
				LD_RUNPATH_SEARCH_PATHS = (
					"$(inherited)",
					"@executable_path/Frameworks",
				);
				PRODUCT_BUNDLE_IDENTIFIER = com.CodyMorley.SpotTheScientist;
				PRODUCT_NAME = "$(TARGET_NAME)";
				SWIFT_VERSION = 5.0;
				TARGETED_DEVICE_FAMILY = "1,2";
			};
			name = Debug;
		};
		049EB16725FFEDB20081B02C /* Release */ = {
			isa = XCBuildConfiguration;
			buildSettings = {
				ASSETCATALOG_COMPILER_APPICON_NAME = AppIcon;
				ASSETCATALOG_COMPILER_GLOBAL_ACCENT_COLOR_NAME = AccentColor;
				CODE_SIGN_STYLE = Automatic;
				DEVELOPMENT_TEAM = H627294WQZ;
				INFOPLIST_FILE = SpotTheScientist/Info.plist;
				LD_RUNPATH_SEARCH_PATHS = (
					"$(inherited)",
					"@executable_path/Frameworks",
				);
				PRODUCT_BUNDLE_IDENTIFIER = com.CodyMorley.SpotTheScientist;
				PRODUCT_NAME = "$(TARGET_NAME)";
				SWIFT_VERSION = 5.0;
				TARGETED_DEVICE_FAMILY = "1,2";
			};
			name = Release;
		};
/* End XCBuildConfiguration section */

/* Begin XCConfigurationList section */
		049EB14C25FFEDB00081B02C /* Build configuration list for PBXProject "SpotTheScientist" */ = {
			isa = XCConfigurationList;
			buildConfigurations = (
				049EB16325FFEDB20081B02C /* Debug */,
				049EB16425FFEDB20081B02C /* Release */,
			);
			defaultConfigurationIsVisible = 0;
			defaultConfigurationName = Release;
		};
		049EB16525FFEDB20081B02C /* Build configuration list for PBXNativeTarget "SpotTheScientist" */ = {
			isa = XCConfigurationList;
			buildConfigurations = (
				049EB16625FFEDB20081B02C /* Debug */,
				049EB16725FFEDB20081B02C /* Release */,
			);
			defaultConfigurationIsVisible = 0;
			defaultConfigurationName = Release;
		};
/* End XCConfigurationList section */
	};
	rootObject = 049EB14925FFEDB00081B02C /* Project object */;
}
